
Microsoft Visual Studio Solution File, Format Version 12.00
# Visual Studio Version 16
VisualStudioVersion = 16.0.29215.179
MinimumVisualStudioVersion = 10.0.40219.1
Project("{9A19103F-16F7-4668-BE54-9A1E7A4F7556}") = "SharedListApi", "SharedListApi\SharedListApi.csproj", "{F2B0928A-CC4F-4F94-9DD9-007D1BF2E171}"
EndProject
Global
	GlobalSection(SolutionConfigurationPlatforms) = preSolution
		Debug|Any CPU = Debug|Any CPU
		Release|Any CPU = Release|Any CPU
	EndGlobalSection
	GlobalSection(ProjectConfigurationPlatforms) = postSolution
		{F2B0928A-CC4F-4F94-9DD9-007D1BF2E171}.Debug|Any CPU.ActiveCfg = Debug|Any CPU
		{F2B0928A-CC4F-4F94-9DD9-007D1BF2E171}.Debug|Any CPU.Build.0 = Debug|Any CPU
		{F2B0928A-CC4F-4F94-9DD9-007D1BF2E171}.Release|Any CPU.ActiveCfg = Release|Any CPU
		{F2B0928A-CC4F-4F94-9DD9-007D1BF2E171}.Release|Any CPU.Build.0 = Release|Any CPU
	EndGlobalSection
	GlobalSection(SolutionProperties) = preSolution
		HideSolutionNode = FALSE
	EndGlobalSection
	GlobalSection(ExtensibilityGlobals) = postSolution
		SolutionGuid = {2A1EC547-E728-4BEC-8D7B-9293CD9D96FF}
	EndGlobalSection
EndGlobal
